
Microsoft Visual Studio Solution File, Format Version 12.00
# Visual Studio Version 16
VisualStudioVersion = 16.0.30621.155
MinimumVisualStudioVersion = 10.0.40219.1
Project("{FAE04EC0-301F-11D3-BF4B-00C04F79EFBC}") = "01_Komodo_Cafe_Console", "Gold Badge Challenges\01_Komodo_Cafe_Console.csproj", "{BC87C9C1-D147-4A09-BB23-48C9B0392AB7}"
EndProject
Project("{FAE04EC0-301F-11D3-BF4B-00C04F79EFBC}") = "01_Komodo_Cafe_Repository", "Gold Badge Challenges_Repository\01_Komodo_Cafe_Repository.csproj", "{D7145F5A-4E64-457F-BD00-F4FA3A2E5438}"
EndProject
Project("{FAE04EC0-301F-11D3-BF4B-00C04F79EFBC}") = "01_Komodo_Cafe_Tests", "Gold Badge Challenges_Tests\01_Komodo_Cafe_Tests.csproj", "{4BBC0BD7-B43F-45D6-AE85-2304C710AE11}"
EndProject
Global
	GlobalSection(SolutionConfigurationPlatforms) = preSolution
		Debug|Any CPU = Debug|Any CPU
		Release|Any CPU = Release|Any CPU
	EndGlobalSection
	GlobalSection(ProjectConfigurationPlatforms) = postSolution
		{BC87C9C1-D147-4A09-BB23-48C9B0392AB7}.Debug|Any CPU.ActiveCfg = Debug|Any CPU
		{BC87C9C1-D147-4A09-BB23-48C9B0392AB7}.Debug|Any CPU.Build.0 = Debug|Any CPU
		{BC87C9C1-D147-4A09-BB23-48C9B0392AB7}.Release|Any CPU.ActiveCfg = Release|Any CPU
		{BC87C9C1-D147-4A09-BB23-48C9B0392AB7}.Release|Any CPU.Build.0 = Release|Any CPU
		{D7145F5A-4E64-457F-BD00-F4FA3A2E5438}.Debug|Any CPU.ActiveCfg = Debug|Any CPU
		{D7145F5A-4E64-457F-BD00-F4FA3A2E5438}.Debug|Any CPU.Build.0 = Debug|Any CPU
		{D7145F5A-4E64-457F-BD00-F4FA3A2E5438}.Release|Any CPU.ActiveCfg = Release|Any CPU
		{D7145F5A-4E64-457F-BD00-F4FA3A2E5438}.Release|Any CPU.Build.0 = Release|Any CPU
		{4BBC0BD7-B43F-45D6-AE85-2304C710AE11}.Debug|Any CPU.ActiveCfg = Debug|Any CPU
		{4BBC0BD7-B43F-45D6-AE85-2304C710AE11}.Debug|Any CPU.Build.0 = Debug|Any CPU
		{4BBC0BD7-B43F-45D6-AE85-2304C710AE11}.Release|Any CPU.ActiveCfg = Release|Any CPU
		{4BBC0BD7-B43F-45D6-AE85-2304C710AE11}.Release|Any CPU.Build.0 = Release|Any CPU
	EndGlobalSection
	GlobalSection(SolutionProperties) = preSolution
		HideSolutionNode = FALSE
	EndGlobalSection
	GlobalSection(ExtensibilityGlobals) = postSolution
		SolutionGuid = {E38DFAF4-4304-4382-A8BB-3568358423E7}
	EndGlobalSection
EndGlobal
