
Microsoft Visual Studio Solution File, Format Version 12.00
# Visual Studio Version 16
VisualStudioVersion = 16.0.30621.155
MinimumVisualStudioVersion = 10.0.40219.1
Project("{FAE04EC0-301F-11D3-BF4B-00C04F79EFBC}") = "01_Komodo_Cafe_Console", "Gold Badge Challenges\01_Komodo_Cafe_Console.csproj", "{BC87C9C1-D147-4A09-BB23-48C9B0392AB7}"
EndProject
Project("{FAE04EC0-301F-11D3-BF4B-00C04F79EFBC}") = "01_Komodo_Cafe_Repository", "Gold Badge Challenges_Repository\01_Komodo_Cafe_Repository.csproj", "{D7145F5A-4E64-457F-BD00-F4FA3A2E5438}"
EndProject
Project("{FAE04EC0-301F-11D3-BF4B-00C04F79EFBC}") = "01_Komodo_Cafe_Tests", "Gold Badge Challenges_Tests\01_Komodo_Cafe_Tests.csproj", "{4BBC0BD7-B43F-45D6-AE85-2304C710AE11}"
EndProject
Project("{FAE04EC0-301F-11D3-BF4B-00C04F79EFBC}") = "02_Komodo Claims Department_Console", "02_Komodo Claims Department_Console\02_Komodo Claims Department_Console.csproj", "{A8A770A1-4DD6-4505-A7D0-AC02A7723067}"
EndProject
Project("{FAE04EC0-301F-11D3-BF4B-00C04F79EFBC}") = "02_Komodo Claims Department_Repository", "02_Komodo Claims Department_Repository\02_Komodo Claims Department_Repository.csproj", "{7A43E69B-F63D-40C7-826D-A4AF758B2328}"
EndProject
Project("{FAE04EC0-301F-11D3-BF4B-00C04F79EFBC}") = "02_Komodo Claims Department_Tests", "02_Komodo  Claims Department_Tests\02_Komodo Claims Department_Tests.csproj", "{C038EFB6-11D2-46CF-8E31-9767DAA72A54}"
EndProject
Project("{FAE04EC0-301F-11D3-BF4B-00C04F79EFBC}") = "03_Komodo Insurance_Console", "03_Komodo Insurance_Console\03_Komodo Insurance_Console.csproj", "{2FDB00CF-1A46-4BEA-BAD4-C25244830691}"
EndProject
Project("{FAE04EC0-301F-11D3-BF4B-00C04F79EFBC}") = "03_Komodo Insurance_Repository", "03_Komodo Insurance_Repository\03_Komodo Insurance_Repository.csproj", "{711E5B9A-D402-463D-A01D-9F4074096441}"
EndProject
Project("{FAE04EC0-301F-11D3-BF4B-00C04F79EFBC}") = "03_Komodo Insurance_Tests", "03_Komodo Insurance_Tests\03_Komodo Insurance_Tests.csproj", "{3AD5FFF6-EA8E-46FC-904E-CA565BDE238F}"
EndProject
Project("{FAE04EC0-301F-11D3-BF4B-00C04F79EFBC}") = "04_Formatting Practice_Console", "04_Formatting Practice_Console\04_Formatting Practice_Console.csproj", "{A77E8227-38E8-409B-9964-77B442E55731}"
EndProject
Global
	GlobalSection(SolutionConfigurationPlatforms) = preSolution
		Debug|Any CPU = Debug|Any CPU
		Release|Any CPU = Release|Any CPU
	EndGlobalSection
	GlobalSection(ProjectConfigurationPlatforms) = postSolution
		{BC87C9C1-D147-4A09-BB23-48C9B0392AB7}.Debug|Any CPU.ActiveCfg = Debug|Any CPU
		{BC87C9C1-D147-4A09-BB23-48C9B0392AB7}.Debug|Any CPU.Build.0 = Debug|Any CPU
		{BC87C9C1-D147-4A09-BB23-48C9B0392AB7}.Release|Any CPU.ActiveCfg = Release|Any CPU
		{BC87C9C1-D147-4A09-BB23-48C9B0392AB7}.Release|Any CPU.Build.0 = Release|Any CPU
		{D7145F5A-4E64-457F-BD00-F4FA3A2E5438}.Debug|Any CPU.ActiveCfg = Debug|Any CPU
		{D7145F5A-4E64-457F-BD00-F4FA3A2E5438}.Debug|Any CPU.Build.0 = Debug|Any CPU
		{D7145F5A-4E64-457F-BD00-F4FA3A2E5438}.Release|Any CPU.ActiveCfg = Release|Any CPU
		{D7145F5A-4E64-457F-BD00-F4FA3A2E5438}.Release|Any CPU.Build.0 = Release|Any CPU
		{4BBC0BD7-B43F-45D6-AE85-2304C710AE11}.Debug|Any CPU.ActiveCfg = Debug|Any CPU
		{4BBC0BD7-B43F-45D6-AE85-2304C710AE11}.Debug|Any CPU.Build.0 = Debug|Any CPU
		{4BBC0BD7-B43F-45D6-AE85-2304C710AE11}.Release|Any CPU.ActiveCfg = Release|Any CPU
		{4BBC0BD7-B43F-45D6-AE85-2304C710AE11}.Release|Any CPU.Build.0 = Release|Any CPU
		{A8A770A1-4DD6-4505-A7D0-AC02A7723067}.Debug|Any CPU.ActiveCfg = Debug|Any CPU
		{A8A770A1-4DD6-4505-A7D0-AC02A7723067}.Debug|Any CPU.Build.0 = Debug|Any CPU
		{A8A770A1-4DD6-4505-A7D0-AC02A7723067}.Release|Any CPU.ActiveCfg = Release|Any CPU
		{A8A770A1-4DD6-4505-A7D0-AC02A7723067}.Release|Any CPU.Build.0 = Release|Any CPU
		{7A43E69B-F63D-40C7-826D-A4AF758B2328}.Debug|Any CPU.ActiveCfg = Debug|Any CPU
		{7A43E69B-F63D-40C7-826D-A4AF758B2328}.Debug|Any CPU.Build.0 = Debug|Any CPU
		{7A43E69B-F63D-40C7-826D-A4AF758B2328}.Release|Any CPU.ActiveCfg = Release|Any CPU
		{7A43E69B-F63D-40C7-826D-A4AF758B2328}.Release|Any CPU.Build.0 = Release|Any CPU
		{C038EFB6-11D2-46CF-8E31-9767DAA72A54}.Debug|Any CPU.ActiveCfg = Debug|Any CPU
		{C038EFB6-11D2-46CF-8E31-9767DAA72A54}.Debug|Any CPU.Build.0 = Debug|Any CPU
		{C038EFB6-11D2-46CF-8E31-9767DAA72A54}.Release|Any CPU.ActiveCfg = Release|Any CPU
		{C038EFB6-11D2-46CF-8E31-9767DAA72A54}.Release|Any CPU.Build.0 = Release|Any CPU
		{2FDB00CF-1A46-4BEA-BAD4-C25244830691}.Debug|Any CPU.ActiveCfg = Debug|Any CPU
		{2FDB00CF-1A46-4BEA-BAD4-C25244830691}.Debug|Any CPU.Build.0 = Debug|Any CPU
		{2FDB00CF-1A46-4BEA-BAD4-C25244830691}.Release|Any CPU.ActiveCfg = Release|Any CPU
		{2FDB00CF-1A46-4BEA-BAD4-C25244830691}.Release|Any CPU.Build.0 = Release|Any CPU
		{711E5B9A-D402-463D-A01D-9F4074096441}.Debug|Any CPU.ActiveCfg = Debug|Any CPU
		{711E5B9A-D402-463D-A01D-9F4074096441}.Debug|Any CPU.Build.0 = Debug|Any CPU
		{711E5B9A-D402-463D-A01D-9F4074096441}.Release|Any CPU.ActiveCfg = Release|Any CPU
		{711E5B9A-D402-463D-A01D-9F4074096441}.Release|Any CPU.Build.0 = Release|Any CPU
		{3AD5FFF6-EA8E-46FC-904E-CA565BDE238F}.Debug|Any CPU.ActiveCfg = Debug|Any CPU
		{3AD5FFF6-EA8E-46FC-904E-CA565BDE238F}.Debug|Any CPU.Build.0 = Debug|Any CPU
		{3AD5FFF6-EA8E-46FC-904E-CA565BDE238F}.Release|Any CPU.ActiveCfg = Release|Any CPU
		{3AD5FFF6-EA8E-46FC-904E-CA565BDE238F}.Release|Any CPU.Build.0 = Release|Any CPU
		{A77E8227-38E8-409B-9964-77B442E55731}.Debug|Any CPU.ActiveCfg = Debug|Any CPU
		{A77E8227-38E8-409B-9964-77B442E55731}.Debug|Any CPU.Build.0 = Debug|Any CPU
		{A77E8227-38E8-409B-9964-77B442E55731}.Release|Any CPU.ActiveCfg = Release|Any CPU
		{A77E8227-38E8-409B-9964-77B442E55731}.Release|Any CPU.Build.0 = Release|Any CPU
	EndGlobalSection
	GlobalSection(SolutionProperties) = preSolution
		HideSolutionNode = FALSE
	EndGlobalSection
	GlobalSection(ExtensibilityGlobals) = postSolution
		SolutionGuid = {E38DFAF4-4304-4382-A8BB-3568358423E7}
	EndGlobalSection
EndGlobal
